
Microsoft Visual Studio Solution File, Format Version 12.00
# Visual Studio 15
VisualStudioVersion = 15.0.26124.0
MinimumVisualStudioVersion = 15.0.26124.0
Project("{FAE04EC0-301F-11D3-BF4B-00C04F79EFBC}") = "WebDataProcessor.Scraper", "WebDataProcessor.Scraper\WebDataProcessor.Scraper.csproj", "{B057B19E-5D25-49C1-8935-D66A0C626A4F}"
EndProject
Project("{FAE04EC0-301F-11D3-BF4B-00C04F79EFBC}") = "WebDataProcessor.Parser", "WebDataProcessor.Parser\WebDataProcessor.Parser.csproj", "{38EC4283-37E7-41CA-A64A-CE6D33BC42DC}"
EndProject
Project("{FAE04EC0-301F-11D3-BF4B-00C04F79EFBC}") = "WebDataProcessor.Common", "WebDataProcessor.Common\WebDataProcessor.Common.csproj", "{ABC95E84-F0A4-45BF-B570-33E0CB7E24CC}"
EndProject
Project("{FAE04EC0-301F-11D3-BF4B-00C04F79EFBC}") = "WebDataProcessor.WebAPI", "WebDataProcessor.WebAPI\WebDataProcessor.WebAPI.csproj", "{B56D10FD-79AC-4EE7-803E-92889DAEC82E}"
EndProject
Global
	GlobalSection(SolutionConfigurationPlatforms) = preSolution
		Debug|Any CPU = Debug|Any CPU
		Debug|x64 = Debug|x64
		Debug|x86 = Debug|x86
		Release|Any CPU = Release|Any CPU
		Release|x64 = Release|x64
		Release|x86 = Release|x86
	EndGlobalSection
	GlobalSection(SolutionProperties) = preSolution
		HideSolutionNode = FALSE
	EndGlobalSection
	GlobalSection(ProjectConfigurationPlatforms) = postSolution
		{B057B19E-5D25-49C1-8935-D66A0C626A4F}.Debug|Any CPU.ActiveCfg = Debug|Any CPU
		{B057B19E-5D25-49C1-8935-D66A0C626A4F}.Debug|Any CPU.Build.0 = Debug|Any CPU
		{B057B19E-5D25-49C1-8935-D66A0C626A4F}.Debug|x64.ActiveCfg = Debug|Any CPU
		{B057B19E-5D25-49C1-8935-D66A0C626A4F}.Debug|x64.Build.0 = Debug|Any CPU
		{B057B19E-5D25-49C1-8935-D66A0C626A4F}.Debug|x86.ActiveCfg = Debug|Any CPU
		{B057B19E-5D25-49C1-8935-D66A0C626A4F}.Debug|x86.Build.0 = Debug|Any CPU
		{B057B19E-5D25-49C1-8935-D66A0C626A4F}.Release|Any CPU.ActiveCfg = Release|Any CPU
		{B057B19E-5D25-49C1-8935-D66A0C626A4F}.Release|Any CPU.Build.0 = Release|Any CPU
		{B057B19E-5D25-49C1-8935-D66A0C626A4F}.Release|x64.ActiveCfg = Release|Any CPU
		{B057B19E-5D25-49C1-8935-D66A0C626A4F}.Release|x64.Build.0 = Release|Any CPU
		{B057B19E-5D25-49C1-8935-D66A0C626A4F}.Release|x86.ActiveCfg = Release|Any CPU
		{B057B19E-5D25-49C1-8935-D66A0C626A4F}.Release|x86.Build.0 = Release|Any CPU
		{38EC4283-37E7-41CA-A64A-CE6D33BC42DC}.Debug|Any CPU.ActiveCfg = Debug|Any CPU
		{38EC4283-37E7-41CA-A64A-CE6D33BC42DC}.Debug|Any CPU.Build.0 = Debug|Any CPU
		{38EC4283-37E7-41CA-A64A-CE6D33BC42DC}.Debug|x64.ActiveCfg = Debug|Any CPU
		{38EC4283-37E7-41CA-A64A-CE6D33BC42DC}.Debug|x64.Build.0 = Debug|Any CPU
		{38EC4283-37E7-41CA-A64A-CE6D33BC42DC}.Debug|x86.ActiveCfg = Debug|Any CPU
		{38EC4283-37E7-41CA-A64A-CE6D33BC42DC}.Debug|x86.Build.0 = Debug|Any CPU
		{38EC4283-37E7-41CA-A64A-CE6D33BC42DC}.Release|Any CPU.ActiveCfg = Release|Any CPU
		{38EC4283-37E7-41CA-A64A-CE6D33BC42DC}.Release|Any CPU.Build.0 = Release|Any CPU
		{38EC4283-37E7-41CA-A64A-CE6D33BC42DC}.Release|x64.ActiveCfg = Release|Any CPU
		{38EC4283-37E7-41CA-A64A-CE6D33BC42DC}.Release|x64.Build.0 = Release|Any CPU
		{38EC4283-37E7-41CA-A64A-CE6D33BC42DC}.Release|x86.ActiveCfg = Release|Any CPU
		{38EC4283-37E7-41CA-A64A-CE6D33BC42DC}.Release|x86.Build.0 = Release|Any CPU
		{ABC95E84-F0A4-45BF-B570-33E0CB7E24CC}.Debug|Any CPU.ActiveCfg = Debug|Any CPU
		{ABC95E84-F0A4-45BF-B570-33E0CB7E24CC}.Debug|Any CPU.Build.0 = Debug|Any CPU
		{ABC95E84-F0A4-45BF-B570-33E0CB7E24CC}.Debug|x64.ActiveCfg = Debug|Any CPU
		{ABC95E84-F0A4-45BF-B570-33E0CB7E24CC}.Debug|x64.Build.0 = Debug|Any CPU
		{ABC95E84-F0A4-45BF-B570-33E0CB7E24CC}.Debug|x86.ActiveCfg = Debug|Any CPU
		{ABC95E84-F0A4-45BF-B570-33E0CB7E24CC}.Debug|x86.Build.0 = Debug|Any CPU
		{ABC95E84-F0A4-45BF-B570-33E0CB7E24CC}.Release|Any CPU.ActiveCfg = Release|Any CPU
		{ABC95E84-F0A4-45BF-B570-33E0CB7E24CC}.Release|Any CPU.Build.0 = Release|Any CPU
		{ABC95E84-F0A4-45BF-B570-33E0CB7E24CC}.Release|x64.ActiveCfg = Release|Any CPU
		{ABC95E84-F0A4-45BF-B570-33E0CB7E24CC}.Release|x64.Build.0 = Release|Any CPU
		{ABC95E84-F0A4-45BF-B570-33E0CB7E24CC}.Release|x86.ActiveCfg = Release|Any CPU
		{ABC95E84-F0A4-45BF-B570-33E0CB7E24CC}.Release|x86.Build.0 = Release|Any CPU
		{B56D10FD-79AC-4EE7-803E-92889DAEC82E}.Debug|Any CPU.ActiveCfg = Debug|Any CPU
		{B56D10FD-79AC-4EE7-803E-92889DAEC82E}.Debug|Any CPU.Build.0 = Debug|Any CPU
		{B56D10FD-79AC-4EE7-803E-92889DAEC82E}.Debug|x64.ActiveCfg = Debug|Any CPU
		{B56D10FD-79AC-4EE7-803E-92889DAEC82E}.Debug|x64.Build.0 = Debug|Any CPU
		{B56D10FD-79AC-4EE7-803E-92889DAEC82E}.Debug|x86.ActiveCfg = Debug|Any CPU
		{B56D10FD-79AC-4EE7-803E-92889DAEC82E}.Debug|x86.Build.0 = Debug|Any CPU
		{B56D10FD-79AC-4EE7-803E-92889DAEC82E}.Release|Any CPU.ActiveCfg = Release|Any CPU
		{B56D10FD-79AC-4EE7-803E-92889DAEC82E}.Release|Any CPU.Build.0 = Release|Any CPU
		{B56D10FD-79AC-4EE7-803E-92889DAEC82E}.Release|x64.ActiveCfg = Release|Any CPU
		{B56D10FD-79AC-4EE7-803E-92889DAEC82E}.Release|x64.Build.0 = Release|Any CPU
		{B56D10FD-79AC-4EE7-803E-92889DAEC82E}.Release|x86.ActiveCfg = Release|Any CPU
		{B56D10FD-79AC-4EE7-803E-92889DAEC82E}.Release|x86.Build.0 = Release|Any CPU
	EndGlobalSection
EndGlobal
